// !$*UTF8*$!
{
	archiveVersion = 1;
	classes = {
	};
	objectVersion = 46;
	objects = {

/* Begin PBXBuildFile section */
		BBAB23CB13894F3D00AA2426 /* GLUT.framework in CopyFiles */ = {isa = PBXBuildFile; fileRef = BBAB23BE13894E4700AA2426 /* GLUT.framework */; };
		E4328149138ABC9F0047C5CB /* openFrameworksDebug.a in Frameworks */ = {isa = PBXBuildFile; fileRef = E4328148138ABC890047C5CB /* openFrameworksDebug.a */; };
		E45BE97B0E8CC7DD009D7055 /* AGL.framework in Frameworks */ = {isa = PBXBuildFile; fileRef = E45BE9710E8CC7DD009D7055 /* AGL.framework */; };
		E45BE97C0E8CC7DD009D7055 /* ApplicationServices.framework in Frameworks */ = {isa = PBXBuildFile; fileRef = E45BE9720E8CC7DD009D7055 /* ApplicationServices.framework */; };
		E45BE97D0E8CC7DD009D7055 /* AudioToolbox.framework in Frameworks */ = {isa = PBXBuildFile; fileRef = E45BE9730E8CC7DD009D7055 /* AudioToolbox.framework */; };
		E45BE97E0E8CC7DD009D7055 /* Carbon.framework in Frameworks */ = {isa = PBXBuildFile; fileRef = E45BE9740E8CC7DD009D7055 /* Carbon.framework */; };
		E45BE97F0E8CC7DD009D7055 /* CoreAudio.framework in Frameworks */ = {isa = PBXBuildFile; fileRef = E45BE9750E8CC7DD009D7055 /* CoreAudio.framework */; };
		E45BE9800E8CC7DD009D7055 /* CoreFoundation.framework in Frameworks */ = {isa = PBXBuildFile; fileRef = E45BE9760E8CC7DD009D7055 /* CoreFoundation.framework */; };
		E45BE9810E8CC7DD009D7055 /* CoreServices.framework in Frameworks */ = {isa = PBXBuildFile; fileRef = E45BE9770E8CC7DD009D7055 /* CoreServices.framework */; };
		E45BE9830E8CC7DD009D7055 /* OpenGL.framework in Frameworks */ = {isa = PBXBuildFile; fileRef = E45BE9790E8CC7DD009D7055 /* OpenGL.framework */; };
		E45BE9840E8CC7DD009D7055 /* QuickTime.framework in Frameworks */ = {isa = PBXBuildFile; fileRef = E45BE97A0E8CC7DD009D7055 /* QuickTime.framework */; };
		E4B69E200A3A1BDC003C02F2 /* main.cpp in Sources */ = {isa = PBXBuildFile; fileRef = E4B69E1D0A3A1BDC003C02F2 /* main.cpp */; };
		E4B69E210A3A1BDC003C02F2 /* testApp.cpp in Sources */ = {isa = PBXBuildFile; fileRef = E4B69E1E0A3A1BDC003C02F2 /* testApp.cpp */; };
		E4C2424710CC5A17004149E2 /* AppKit.framework in Frameworks */ = {isa = PBXBuildFile; fileRef = E4C2424410CC5A17004149E2 /* AppKit.framework */; };
		E4C2424810CC5A17004149E2 /* Cocoa.framework in Frameworks */ = {isa = PBXBuildFile; fileRef = E4C2424510CC5A17004149E2 /* Cocoa.framework */; };
		E4C2424910CC5A17004149E2 /* IOKit.framework in Frameworks */ = {isa = PBXBuildFile; fileRef = E4C2424610CC5A17004149E2 /* IOKit.framework */; };
		E4EB6799138ADC1D00A09F29 /* GLUT.framework in Frameworks */ = {isa = PBXBuildFile; fileRef = BBAB23BE13894E4700AA2426 /* GLUT.framework */; };
		E7E077E515D3B63C0020DFD4 /* CoreVideo.framework in Frameworks */ = {isa = PBXBuildFile; fileRef = E7E077E415D3B63C0020DFD4 /* CoreVideo.framework */; };
		E7E077E815D3B6510020DFD4 /* QTKit.framework in Frameworks */ = {isa = PBXBuildFile; fileRef = E7E077E715D3B6510020DFD4 /* QTKit.framework */; };
		E7F985F815E0DEA3003869B5 /* Accelerate.framework in Frameworks */ = {isa = PBXBuildFile; fileRef = E7F985F515E0DE99003869B5 /* Accelerate.framework */; };
/* End PBXBuildFile section */

/* Begin PBXContainerItemProxy section */
		E4328147138ABC890047C5CB /* PBXContainerItemProxy */ = {
			isa = PBXContainerItemProxy;
			containerPortal = E4328143138ABC890047C5CB /* openFrameworksLib.xcodeproj */;
			proxyType = 2;
			remoteGlobalIDString = E4B27C1510CBEB8E00536013;
			remoteInfo = openFrameworks;
		};
		E4EEB9AB138B136A00A80321 /* PBXContainerItemProxy */ = {
			isa = PBXContainerItemProxy;
			containerPortal = E4328143138ABC890047C5CB /* openFrameworksLib.xcodeproj */;
			proxyType = 1;
			remoteGlobalIDString = E4B27C1410CBEB8E00536013;
			remoteInfo = openFrameworks;
		};
/* End PBXContainerItemProxy section */

/* Begin PBXCopyFilesBuildPhase section */
		E4C2427710CC5ABF004149E2 /* CopyFiles */ = {
			isa = PBXCopyFilesBuildPhase;
			buildActionMask = 2147483647;
			dstPath = "";
			dstSubfolderSpec = 10;
			files = (
				BBAB23CB13894F3D00AA2426 /* GLUT.framework in CopyFiles */,
			);
			runOnlyForDeploymentPostprocessing = 0;
		};
/* End PBXCopyFilesBuildPhase section */

/* Begin PBXFileReference section */
		2D2B467618E8BD8E0046AFFE /* ofxSpacebrew.cpp */ = {isa = PBXFileReference; lastKnownFileType = sourcecode.cpp.cpp; path = ofxSpacebrew.cpp; sourceTree = "<group>"; };
		2D2B467718E8BD8E0046AFFE /* ofxSpacebrew.h */ = {isa = PBXFileReference; lastKnownFileType = sourcecode.c.h; path = ofxSpacebrew.h; sourceTree = "<group>"; };
		2D2B474318E8BD900046AFFE /* json-forwards.h */ = {isa = PBXFileReference; lastKnownFileType = sourcecode.c.h; path = "json-forwards.h"; sourceTree = "<group>"; };
		2D2B474418E8BD900046AFFE /* json.h */ = {isa = PBXFileReference; lastKnownFileType = sourcecode.c.h; path = json.h; sourceTree = "<group>"; };
		2D2B474618E8BD900046AFFE /* COPYING */ = {isa = PBXFileReference; lastKnownFileType = text; path = COPYING; sourceTree = "<group>"; };
		2D2B474818E8BD900046AFFE /* libwebsockets-test-server.key.pem */ = {isa = PBXFileReference; lastKnownFileType = text; path = "libwebsockets-test-server.key.pem"; sourceTree = "<group>"; };
		2D2B474918E8BD900046AFFE /* libwebsockets-test-server.pem */ = {isa = PBXFileReference; lastKnownFileType = text; path = "libwebsockets-test-server.pem"; sourceTree = "<group>"; };
		2D2B474B18E8BD900046AFFE /* libwebsockets.h */ = {isa = PBXFileReference; lastKnownFileType = sourcecode.c.h; path = libwebsockets.h; sourceTree = "<group>"; };
		2D2B474E18E8BD900046AFFE /* getopt.c */ = {isa = PBXFileReference; lastKnownFileType = sourcecode.c.c; path = getopt.c; sourceTree = "<group>"; };
		2D2B474F18E8BD900046AFFE /* getopt.h */ = {isa = PBXFileReference; lastKnownFileType = sourcecode.c.h; path = getopt.h; sourceTree = "<group>"; };
		2D2B475018E8BD900046AFFE /* getopt_long.c */ = {isa = PBXFileReference; lastKnownFileType = sourcecode.c.c; path = getopt_long.c; sourceTree = "<group>"; };
		2D2B475118E8BD900046AFFE /* gettimeofday.c */ = {isa = PBXFileReference; lastKnownFileType = sourcecode.c.c; path = gettimeofday.c; sourceTree = "<group>"; };
		2D2B475218E8BD900046AFFE /* gettimeofday.h */ = {isa = PBXFileReference; lastKnownFileType = sourcecode.c.h; path = gettimeofday.h; sourceTree = "<group>"; };
		2D2B475318E8BD900046AFFE /* netdb.h */ = {isa = PBXFileReference; lastKnownFileType = sourcecode.c.h; path = netdb.h; sourceTree = "<group>"; };
		2D2B475418E8BD900046AFFE /* strings.h */ = {isa = PBXFileReference; lastKnownFileType = sourcecode.c.h; path = strings.h; sourceTree = "<group>"; };
		2D2B475618E8BD900046AFFE /* time.h */ = {isa = PBXFileReference; lastKnownFileType = sourcecode.c.h; path = time.h; sourceTree = "<group>"; };
		2D2B475718E8BD900046AFFE /* unistd.h */ = {isa = PBXFileReference; lastKnownFileType = sourcecode.c.h; path = unistd.h; sourceTree = "<group>"; };
		2D2B475818E8BD900046AFFE /* websock-w32.c */ = {isa = PBXFileReference; lastKnownFileType = sourcecode.c.c; path = "websock-w32.c"; sourceTree = "<group>"; };
		2D2B475918E8BD900046AFFE /* websock-w32.h */ = {isa = PBXFileReference; lastKnownFileType = sourcecode.c.h; path = "websock-w32.h"; sourceTree = "<group>"; };
		2D2B475C18E8BD900046AFFE /* libwebsockets.a */ = {isa = PBXFileReference; lastKnownFileType = archive.ar; path = libwebsockets.a; sourceTree = "<group>"; };
		2D2B475E18E8BD900046AFFE /* libwebsockets.a */ = {isa = PBXFileReference; lastKnownFileType = archive.ar; path = libwebsockets.a; sourceTree = "<group>"; };
		2D2B476018E8BD900046AFFE /* libwebsockets.a */ = {isa = PBXFileReference; lastKnownFileType = archive.ar; path = libwebsockets.a; sourceTree = "<group>"; };
		2D2B476318E8BD900046AFFE /* websockets.exp */ = {isa = PBXFileReference; lastKnownFileType = sourcecode.exports; path = websockets.exp; sourceTree = "<group>"; };
		2D2B476418E8BD900046AFFE /* websockets.lib */ = {isa = PBXFileReference; lastKnownFileType = archive.ar; path = websockets.lib; sourceTree = "<group>"; };
		2D2B476518E8BD900046AFFE /* websockets_static.lib */ = {isa = PBXFileReference; lastKnownFileType = archive.ar; path = websockets_static.lib; sourceTree = "<group>"; };
		2D2B476618E8BD900046AFFE /* websockets_static.pdb */ = {isa = PBXFileReference; lastKnownFileType = file; path = websockets_static.pdb; sourceTree = "<group>"; };
		2D2B476718E8BD900046AFFE /* ZLIB.lib */ = {isa = PBXFileReference; lastKnownFileType = archive.ar; path = ZLIB.lib; sourceTree = "<group>"; };
		2D2B476818E8BD900046AFFE /* zlib.pdb */ = {isa = PBXFileReference; lastKnownFileType = file; path = zlib.pdb; sourceTree = "<group>"; };
		2D2B476A18E8BD900046AFFE /* websockets.exp */ = {isa = PBXFileReference; lastKnownFileType = sourcecode.exports; path = websockets.exp; sourceTree = "<group>"; };
		2D2B476B18E8BD900046AFFE /* websockets.lib */ = {isa = PBXFileReference; lastKnownFileType = archive.ar; path = websockets.lib; sourceTree = "<group>"; };
		2D2B476C18E8BD900046AFFE /* websockets_static.lib */ = {isa = PBXFileReference; lastKnownFileType = archive.ar; path = websockets_static.lib; sourceTree = "<group>"; };
		2D2B476D18E8BD900046AFFE /* ZLIB.lib */ = {isa = PBXFileReference; lastKnownFileType = archive.ar; path = ZLIB.lib; sourceTree = "<group>"; };
		2D2B477118E8BD900046AFFE /* Client.h */ = {isa = PBXFileReference; lastKnownFileType = sourcecode.c.h; path = Client.h; sourceTree = "<group>"; };
		2D2B477218E8BD900046AFFE /* Connection.h */ = {isa = PBXFileReference; lastKnownFileType = sourcecode.c.h; path = Connection.h; sourceTree = "<group>"; };
		2D2B477318E8BD900046AFFE /* Events.h */ = {isa = PBXFileReference; lastKnownFileType = sourcecode.c.h; path = Events.h; sourceTree = "<group>"; };
		2D2B477418E8BD900046AFFE /* Protocol.h */ = {isa = PBXFileReference; lastKnownFileType = sourcecode.c.h; path = Protocol.h; sourceTree = "<group>"; };
		2D2B477518E8BD900046AFFE /* Reactor.h */ = {isa = PBXFileReference; lastKnownFileType = sourcecode.c.h; path = Reactor.h; sourceTree = "<group>"; };
		2D2B477618E8BD900046AFFE /* Server.h */ = {isa = PBXFileReference; lastKnownFileType = sourcecode.c.h; path = Server.h; sourceTree = "<group>"; };
		2D2B477718E8BD900046AFFE /* Util.h */ = {isa = PBXFileReference; lastKnownFileType = sourcecode.c.h; path = Util.h; sourceTree = "<group>"; };
		2D2B477C18E8BD900046AFFE /* libcrypto.a */ = {isa = PBXFileReference; lastKnownFileType = archive.ar; path = libcrypto.a; sourceTree = "<group>"; };
		2D2B477D18E8BD900046AFFE /* libssl.a */ = {isa = PBXFileReference; lastKnownFileType = archive.ar; path = libssl.a; sourceTree = "<group>"; };
		2D2B477F18E8BD900046AFFE /* libeay32.lib */ = {isa = PBXFileReference; lastKnownFileType = archive.ar; path = libeay32.lib; sourceTree = "<group>"; };
		2D2B478018E8BD900046AFFE /* ssleay32.lib */ = {isa = PBXFileReference; lastKnownFileType = archive.ar; path = ssleay32.lib; sourceTree = "<group>"; };
		2D2B478218E8BD900046AFFE /* aes.h */ = {isa = PBXFileReference; lastKnownFileType = sourcecode.c.h; path = aes.h; sourceTree = "<group>"; };
		2D2B478318E8BD900046AFFE /* asn1.h */ = {isa = PBXFileReference; lastKnownFileType = sourcecode.c.h; path = asn1.h; sourceTree = "<group>"; };
		2D2B478418E8BD900046AFFE /* asn1_mac.h */ = {isa = PBXFileReference; lastKnownFileType = sourcecode.c.h; path = asn1_mac.h; sourceTree = "<group>"; };
		2D2B478518E8BD900046AFFE /* asn1t.h */ = {isa = PBXFileReference; lastKnownFileType = sourcecode.c.h; path = asn1t.h; sourceTree = "<group>"; };
		2D2B478618E8BD900046AFFE /* bio.h */ = {isa = PBXFileReference; lastKnownFileType = sourcecode.c.h; path = bio.h; sourceTree = "<group>"; };
		2D2B478718E8BD900046AFFE /* blowfish.h */ = {isa = PBXFileReference; lastKnownFileType = sourcecode.c.h; path = blowfish.h; sourceTree = "<group>"; };
		2D2B478818E8BD900046AFFE /* bn.h */ = {isa = PBXFileReference; lastKnownFileType = sourcecode.c.h; path = bn.h; sourceTree = "<group>"; };
		2D2B478918E8BD900046AFFE /* buffer.h */ = {isa = PBXFileReference; lastKnownFileType = sourcecode.c.h; path = buffer.h; sourceTree = "<group>"; };
		2D2B478A18E8BD900046AFFE /* cast.h */ = {isa = PBXFileReference; lastKnownFileType = sourcecode.c.h; path = cast.h; sourceTree = "<group>"; };
		2D2B478B18E8BD900046AFFE /* comp.h */ = {isa = PBXFileReference; lastKnownFileType = sourcecode.c.h; path = comp.h; sourceTree = "<group>"; };
		2D2B478C18E8BD900046AFFE /* conf.h */ = {isa = PBXFileReference; lastKnownFileType = sourcecode.c.h; path = conf.h; sourceTree = "<group>"; };
		2D2B478D18E8BD900046AFFE /* conf_api.h */ = {isa = PBXFileReference; lastKnownFileType = sourcecode.c.h; path = conf_api.h; sourceTree = "<group>"; };
		2D2B478E18E8BD900046AFFE /* crypto.h */ = {isa = PBXFileReference; lastKnownFileType = sourcecode.c.h; path = crypto.h; sourceTree = "<group>"; };
		2D2B478F18E8BD900046AFFE /* des.h */ = {isa = PBXFileReference; lastKnownFileType = sourcecode.c.h; path = des.h; sourceTree = "<group>"; };
		2D2B479018E8BD900046AFFE /* des_old.h */ = {isa = PBXFileReference; lastKnownFileType = sourcecode.c.h; path = des_old.h; sourceTree = "<group>"; };
		2D2B479118E8BD900046AFFE /* dh.h */ = {isa = PBXFileReference; lastKnownFileType = sourcecode.c.h; path = dh.h; sourceTree = "<group>"; };
		2D2B479218E8BD900046AFFE /* dsa.h */ = {isa = PBXFileReference; lastKnownFileType = sourcecode.c.h; path = dsa.h; sourceTree = "<group>"; };
		2D2B479318E8BD900046AFFE /* dso.h */ = {isa = PBXFileReference; lastKnownFileType = sourcecode.c.h; path = dso.h; sourceTree = "<group>"; };
		2D2B479418E8BD900046AFFE /* e_os2.h */ = {isa = PBXFileReference; lastKnownFileType = sourcecode.c.h; path = e_os2.h; sourceTree = "<group>"; };
		2D2B479518E8BD900046AFFE /* ebcdic.h */ = {isa = PBXFileReference; lastKnownFileType = sourcecode.c.h; path = ebcdic.h; sourceTree = "<group>"; };
		2D2B479618E8BD900046AFFE /* ec.h */ = {isa = PBXFileReference; lastKnownFileType = sourcecode.c.h; path = ec.h; sourceTree = "<group>"; };
		2D2B479718E8BD900046AFFE /* engine.h */ = {isa = PBXFileReference; lastKnownFileType = sourcecode.c.h; path = engine.h; sourceTree = "<group>"; };
		2D2B479818E8BD900046AFFE /* err.h */ = {isa = PBXFileReference; lastKnownFileType = sourcecode.c.h; path = err.h; sourceTree = "<group>"; };
		2D2B479918E8BD900046AFFE /* evp.h */ = {isa = PBXFileReference; lastKnownFileType = sourcecode.c.h; path = evp.h; sourceTree = "<group>"; };
		2D2B479A18E8BD900046AFFE /* hmac.h */ = {isa = PBXFileReference; lastKnownFileType = sourcecode.c.h; path = hmac.h; sourceTree = "<group>"; };
		2D2B479B18E8BD900046AFFE /* krb5_asn.h */ = {isa = PBXFileReference; lastKnownFileType = sourcecode.c.h; path = krb5_asn.h; sourceTree = "<group>"; };
		2D2B479C18E8BD900046AFFE /* kssl.h */ = {isa = PBXFileReference; lastKnownFileType = sourcecode.c.h; path = kssl.h; sourceTree = "<group>"; };
		2D2B479D18E8BD900046AFFE /* lhash.h */ = {isa = PBXFileReference; lastKnownFileType = sourcecode.c.h; path = lhash.h; sourceTree = "<group>"; };
		2D2B479E18E8BD900046AFFE /* md2.h */ = {isa = PBXFileReference; lastKnownFileType = sourcecode.c.h; path = md2.h; sourceTree = "<group>"; };
		2D2B479F18E8BD900046AFFE /* md4.h */ = {isa = PBXFileReference; lastKnownFileType = sourcecode.c.h; path = md4.h; sourceTree = "<group>"; };
		2D2B47A018E8BD900046AFFE /* md5.h */ = {isa = PBXFileReference; lastKnownFileType = sourcecode.c.h; path = md5.h; sourceTree = "<group>"; };
		2D2B47A118E8BD900046AFFE /* mdc2.h */ = {isa = PBXFileReference; lastKnownFileType = sourcecode.c.h; path = mdc2.h; sourceTree = "<group>"; };
		2D2B47A218E8BD900046AFFE /* obj_mac.h */ = {isa = PBXFileReference; lastKnownFileType = sourcecode.c.h; path = obj_mac.h; sourceTree = "<group>"; };
		2D2B47A318E8BD900046AFFE /* objects.h */ = {isa = PBXFileReference; lastKnownFileType = sourcecode.c.h; path = objects.h; sourceTree = "<group>"; };
		2D2B47A418E8BD900046AFFE /* ocsp.h */ = {isa = PBXFileReference; lastKnownFileType = sourcecode.c.h; path = ocsp.h; sourceTree = "<group>"; };
		2D2B47A518E8BD900046AFFE /* opensslconf.h */ = {isa = PBXFileReference; lastKnownFileType = sourcecode.c.h; path = opensslconf.h; sourceTree = "<group>"; };
		2D2B47A618E8BD900046AFFE /* opensslv.h */ = {isa = PBXFileReference; lastKnownFileType = sourcecode.c.h; path = opensslv.h; sourceTree = "<group>"; };
		2D2B47A718E8BD900046AFFE /* ossl_typ.h */ = {isa = PBXFileReference; lastKnownFileType = sourcecode.c.h; path = ossl_typ.h; sourceTree = "<group>"; };
		2D2B47A818E8BD900046AFFE /* pem.h */ = {isa = PBXFileReference; lastKnownFileType = sourcecode.c.h; path = pem.h; sourceTree = "<group>"; };
		2D2B47A918E8BD900046AFFE /* pem2.h */ = {isa = PBXFileReference; lastKnownFileType = sourcecode.c.h; path = pem2.h; sourceTree = "<group>"; };
		2D2B47AA18E8BD900046AFFE /* pkcs12.h */ = {isa = PBXFileReference; lastKnownFileType = sourcecode.c.h; path = pkcs12.h; sourceTree = "<group>"; };
		2D2B47AB18E8BD900046AFFE /* pkcs7.h */ = {isa = PBXFileReference; lastKnownFileType = sourcecode.c.h; path = pkcs7.h; sourceTree = "<group>"; };
		2D2B47AC18E8BD900046AFFE /* rand.h */ = {isa = PBXFileReference; lastKnownFileType = sourcecode.c.h; path = rand.h; sourceTree = "<group>"; };
		2D2B47AD18E8BD900046AFFE /* rc2.h */ = {isa = PBXFileReference; lastKnownFileType = sourcecode.c.h; path = rc2.h; sourceTree = "<group>"; };
		2D2B47AE18E8BD900046AFFE /* rc4.h */ = {isa = PBXFileReference; lastKnownFileType = sourcecode.c.h; path = rc4.h; sourceTree = "<group>"; };
		2D2B47AF18E8BD900046AFFE /* rc5.h */ = {isa = PBXFileReference; lastKnownFileType = sourcecode.c.h; path = rc5.h; sourceTree = "<group>"; };
		2D2B47B018E8BD900046AFFE /* ripemd.h */ = {isa = PBXFileReference; lastKnownFileType = sourcecode.c.h; path = ripemd.h; sourceTree = "<group>"; };
		2D2B47B118E8BD900046AFFE /* rsa.h */ = {isa = PBXFileReference; lastKnownFileType = sourcecode.c.h; path = rsa.h; sourceTree = "<group>"; };
		2D2B47B218E8BD900046AFFE /* safestack.h */ = {isa = PBXFileReference; lastKnownFileType = sourcecode.c.h; path = safestack.h; sourceTree = "<group>"; };
		2D2B47B318E8BD900046AFFE /* sha.h */ = {isa = PBXFileReference; lastKnownFileType = sourcecode.c.h; path = sha.h; sourceTree = "<group>"; };
		2D2B47B418E8BD900046AFFE /* ssl.h */ = {isa = PBXFileReference; lastKnownFileType = sourcecode.c.h; path = ssl.h; sourceTree = "<group>"; };
		2D2B47B518E8BD900046AFFE /* ssl2.h */ = {isa = PBXFileReference; lastKnownFileType = sourcecode.c.h; path = ssl2.h; sourceTree = "<group>"; };
		2D2B47B618E8BD900046AFFE /* ssl23.h */ = {isa = PBXFileReference; lastKnownFileType = sourcecode.c.h; path = ssl23.h; sourceTree = "<group>"; };
		2D2B47B718E8BD900046AFFE /* ssl3.h */ = {isa = PBXFileReference; lastKnownFileType = sourcecode.c.h; path = ssl3.h; sourceTree = "<group>"; };
		2D2B47B818E8BD900046AFFE /* stack.h */ = {isa = PBXFileReference; lastKnownFileType = sourcecode.c.h; path = stack.h; sourceTree = "<group>"; };
		2D2B47B918E8BD900046AFFE /* symhacks.h */ = {isa = PBXFileReference; lastKnownFileType = sourcecode.c.h; path = symhacks.h; sourceTree = "<group>"; };
		2D2B47BA18E8BD900046AFFE /* tls1.h */ = {isa = PBXFileReference; lastKnownFileType = sourcecode.c.h; path = tls1.h; sourceTree = "<group>"; };
		2D2B47BB18E8BD900046AFFE /* tmdiff.h */ = {isa = PBXFileReference; lastKnownFileType = sourcecode.c.h; path = tmdiff.h; sourceTree = "<group>"; };
		2D2B47BC18E8BD900046AFFE /* txt_db.h */ = {isa = PBXFileReference; lastKnownFileType = sourcecode.c.h; path = txt_db.h; sourceTree = "<group>"; };
		2D2B47BD18E8BD900046AFFE /* ui.h */ = {isa = PBXFileReference; lastKnownFileType = sourcecode.c.h; path = ui.h; sourceTree = "<group>"; };
		2D2B47BE18E8BD900046AFFE /* ui_compat.h */ = {isa = PBXFileReference; lastKnownFileType = sourcecode.c.h; path = ui_compat.h; sourceTree = "<group>"; };
		2D2B47BF18E8BD900046AFFE /* x509.h */ = {isa = PBXFileReference; lastKnownFileType = sourcecode.c.h; path = x509.h; sourceTree = "<group>"; };
		2D2B47C018E8BD900046AFFE /* x509_vfy.h */ = {isa = PBXFileReference; lastKnownFileType = sourcecode.c.h; path = x509_vfy.h; sourceTree = "<group>"; };
		2D2B47C118E8BD900046AFFE /* x509v3.h */ = {isa = PBXFileReference; lastKnownFileType = sourcecode.c.h; path = x509v3.h; sourceTree = "<group>"; };
		2D2B47C618E8BD900046AFFE /* ofxLibwebsockets.h */ = {isa = PBXFileReference; lastKnownFileType = sourcecode.c.h; path = ofxLibwebsockets.h; sourceTree = "<group>"; };
		BBAB23BE13894E4700AA2426 /* GLUT.framework */ = {isa = PBXFileReference; lastKnownFileType = wrapper.framework; name = GLUT.framework; path = ../../../libs/glut/lib/osx/GLUT.framework; sourceTree = "<group>"; };
		E4328143138ABC890047C5CB /* openFrameworksLib.xcodeproj */ = {isa = PBXFileReference; lastKnownFileType = "wrapper.pb-project"; name = openFrameworksLib.xcodeproj; path = ../../../libs/openFrameworksCompiled/project/osx/openFrameworksLib.xcodeproj; sourceTree = SOURCE_ROOT; };
		E45BE9710E8CC7DD009D7055 /* AGL.framework */ = {isa = PBXFileReference; lastKnownFileType = wrapper.framework; name = AGL.framework; path = /System/Library/Frameworks/AGL.framework; sourceTree = "<absolute>"; };
		E45BE9720E8CC7DD009D7055 /* ApplicationServices.framework */ = {isa = PBXFileReference; lastKnownFileType = wrapper.framework; name = ApplicationServices.framework; path = /System/Library/Frameworks/ApplicationServices.framework; sourceTree = "<absolute>"; };
		E45BE9730E8CC7DD009D7055 /* AudioToolbox.framework */ = {isa = PBXFileReference; lastKnownFileType = wrapper.framework; name = AudioToolbox.framework; path = /System/Library/Frameworks/AudioToolbox.framework; sourceTree = "<absolute>"; };
		E45BE9740E8CC7DD009D7055 /* Carbon.framework */ = {isa = PBXFileReference; lastKnownFileType = wrapper.framework; name = Carbon.framework; path = /System/Library/Frameworks/Carbon.framework; sourceTree = "<absolute>"; };
		E45BE9750E8CC7DD009D7055 /* CoreAudio.framework */ = {isa = PBXFileReference; lastKnownFileType = wrapper.framework; name = CoreAudio.framework; path = /System/Library/Frameworks/CoreAudio.framework; sourceTree = "<absolute>"; };
		E45BE9760E8CC7DD009D7055 /* CoreFoundation.framework */ = {isa = PBXFileReference; lastKnownFileType = wrapper.framework; name = CoreFoundation.framework; path = /System/Library/Frameworks/CoreFoundation.framework; sourceTree = "<absolute>"; };
		E45BE9770E8CC7DD009D7055 /* CoreServices.framework */ = {isa = PBXFileReference; lastKnownFileType = wrapper.framework; name = CoreServices.framework; path = /System/Library/Frameworks/CoreServices.framework; sourceTree = "<absolute>"; };
		E45BE9790E8CC7DD009D7055 /* OpenGL.framework */ = {isa = PBXFileReference; lastKnownFileType = wrapper.framework; name = OpenGL.framework; path = /System/Library/Frameworks/OpenGL.framework; sourceTree = "<absolute>"; };
		E45BE97A0E8CC7DD009D7055 /* QuickTime.framework */ = {isa = PBXFileReference; lastKnownFileType = wrapper.framework; name = QuickTime.framework; path = /System/Library/Frameworks/QuickTime.framework; sourceTree = "<absolute>"; };
		E4B69B5B0A3A1756003C02F2 /* spacebrew_testDebug.app */ = {isa = PBXFileReference; explicitFileType = wrapper.application; includeInIndex = 0; path = spacebrew_testDebug.app; sourceTree = BUILT_PRODUCTS_DIR; };
		E4B69E1D0A3A1BDC003C02F2 /* main.cpp */ = {isa = PBXFileReference; fileEncoding = 30; lastKnownFileType = sourcecode.cpp.cpp; name = main.cpp; path = src/main.cpp; sourceTree = SOURCE_ROOT; };
		E4B69E1E0A3A1BDC003C02F2 /* testApp.cpp */ = {isa = PBXFileReference; explicitFileType = sourcecode.cpp.cpp; fileEncoding = 30; name = testApp.cpp; path = src/testApp.cpp; sourceTree = SOURCE_ROOT; };
		E4B69E1F0A3A1BDC003C02F2 /* testApp.h */ = {isa = PBXFileReference; fileEncoding = 30; lastKnownFileType = sourcecode.c.h; name = testApp.h; path = src/testApp.h; sourceTree = SOURCE_ROOT; };
		E4B6FCAD0C3E899E008CF71C /* openFrameworks-Info.plist */ = {isa = PBXFileReference; fileEncoding = 30; lastKnownFileType = text.plist.xml; path = "openFrameworks-Info.plist"; sourceTree = "<group>"; };
		E4C2424410CC5A17004149E2 /* AppKit.framework */ = {isa = PBXFileReference; lastKnownFileType = wrapper.framework; name = AppKit.framework; path = /System/Library/Frameworks/AppKit.framework; sourceTree = "<absolute>"; };
		E4C2424510CC5A17004149E2 /* Cocoa.framework */ = {isa = PBXFileReference; lastKnownFileType = wrapper.framework; name = Cocoa.framework; path = /System/Library/Frameworks/Cocoa.framework; sourceTree = "<absolute>"; };
		E4C2424610CC5A17004149E2 /* IOKit.framework */ = {isa = PBXFileReference; lastKnownFileType = wrapper.framework; name = IOKit.framework; path = /System/Library/Frameworks/IOKit.framework; sourceTree = "<absolute>"; };
		E4EB691F138AFCF100A09F29 /* CoreOF.xcconfig */ = {isa = PBXFileReference; fileEncoding = 4; lastKnownFileType = text.xcconfig; name = CoreOF.xcconfig; path = ../../../libs/openFrameworksCompiled/project/osx/CoreOF.xcconfig; sourceTree = SOURCE_ROOT; };
		E4EB6923138AFD0F00A09F29 /* Project.xcconfig */ = {isa = PBXFileReference; fileEncoding = 4; lastKnownFileType = text.xcconfig; path = Project.xcconfig; sourceTree = "<group>"; };
		E7E077E415D3B63C0020DFD4 /* CoreVideo.framework */ = {isa = PBXFileReference; lastKnownFileType = wrapper.framework; name = CoreVideo.framework; path = /System/Library/Frameworks/CoreVideo.framework; sourceTree = "<absolute>"; };
		E7E077E715D3B6510020DFD4 /* QTKit.framework */ = {isa = PBXFileReference; lastKnownFileType = wrapper.framework; name = QTKit.framework; path = /System/Library/Frameworks/QTKit.framework; sourceTree = "<absolute>"; };
		E7F985F515E0DE99003869B5 /* Accelerate.framework */ = {isa = PBXFileReference; lastKnownFileType = wrapper.framework; name = Accelerate.framework; path = /System/Library/Frameworks/Accelerate.framework; sourceTree = "<absolute>"; };
/* End PBXFileReference section */

/* Begin PBXFrameworksBuildPhase section */
		E4B69B590A3A1756003C02F2 /* Frameworks */ = {
			isa = PBXFrameworksBuildPhase;
			buildActionMask = 2147483647;
			files = (
				E7F985F815E0DEA3003869B5 /* Accelerate.framework in Frameworks */,
				E7E077E815D3B6510020DFD4 /* QTKit.framework in Frameworks */,
				E4EB6799138ADC1D00A09F29 /* GLUT.framework in Frameworks */,
				E4328149138ABC9F0047C5CB /* openFrameworksDebug.a in Frameworks */,
				E45BE97B0E8CC7DD009D7055 /* AGL.framework in Frameworks */,
				E45BE97C0E8CC7DD009D7055 /* ApplicationServices.framework in Frameworks */,
				E45BE97D0E8CC7DD009D7055 /* AudioToolbox.framework in Frameworks */,
				E45BE97E0E8CC7DD009D7055 /* Carbon.framework in Frameworks */,
				E45BE97F0E8CC7DD009D7055 /* CoreAudio.framework in Frameworks */,
				E45BE9800E8CC7DD009D7055 /* CoreFoundation.framework in Frameworks */,
				E45BE9810E8CC7DD009D7055 /* CoreServices.framework in Frameworks */,
				E45BE9830E8CC7DD009D7055 /* OpenGL.framework in Frameworks */,
				E45BE9840E8CC7DD009D7055 /* QuickTime.framework in Frameworks */,
				E4C2424710CC5A17004149E2 /* AppKit.framework in Frameworks */,
				E4C2424810CC5A17004149E2 /* Cocoa.framework in Frameworks */,
				E4C2424910CC5A17004149E2 /* IOKit.framework in Frameworks */,
				E7E077E515D3B63C0020DFD4 /* CoreVideo.framework in Frameworks */,
			);
			runOnlyForDeploymentPostprocessing = 0;
		};
/* End PBXFrameworksBuildPhase section */

/* Begin PBXGroup section */
		2D2B455718E8BD8B0046AFFE /* ofxSpacebrew */ = {
			isa = PBXGroup;
			children = (
				2D2B467518E8BD8E0046AFFE /* src */,
			);
			path = ofxSpacebrew;
			sourceTree = "<group>";
		};
		2D2B467518E8BD8E0046AFFE /* src */ = {
			isa = PBXGroup;
			children = (
				2D2B467618E8BD8E0046AFFE /* ofxSpacebrew.cpp */,
				2D2B467718E8BD8E0046AFFE /* ofxSpacebrew.h */,
			);
			path = src;
			sourceTree = "<group>";
		};
		2D2B467818E8BD8E0046AFFE /* ofxLibwebsockets */ = {
			isa = PBXGroup;
			children = (
				2D2B474018E8BD900046AFFE /* libs */,
				2D2B47C518E8BD900046AFFE /* src */,
			);
			path = ofxLibwebsockets;
			sourceTree = "<group>";
		};
		2D2B474018E8BD900046AFFE /* libs */ = {
			isa = PBXGroup;
			children = (
				2D2B474118E8BD900046AFFE /* jsoncpp */,
				2D2B474518E8BD900046AFFE /* libwebsockets */,
				2D2B476E18E8BD900046AFFE /* ofxLibwebsockets */,
				2D2B477918E8BD900046AFFE /* openssl */,
			);
			path = libs;
			sourceTree = "<group>";
		};
		2D2B474118E8BD900046AFFE /* jsoncpp */ = {
			isa = PBXGroup;
			children = (
				2D2B474218E8BD900046AFFE /* json */,
			);
			path = jsoncpp;
			sourceTree = "<group>";
		};
		2D2B474218E8BD900046AFFE /* json */ = {
			isa = PBXGroup;
			children = (
				2D2B474318E8BD900046AFFE /* json-forwards.h */,
				2D2B474418E8BD900046AFFE /* json.h */,
			);
			path = json;
			sourceTree = "<group>";
		};
		2D2B474518E8BD900046AFFE /* libwebsockets */ = {
			isa = PBXGroup;
			children = (
				2D2B474618E8BD900046AFFE /* COPYING */,
				2D2B474718E8BD900046AFFE /* data */,
				2D2B474A18E8BD900046AFFE /* include */,
				2D2B475A18E8BD900046AFFE /* lib */,
			);
			path = libwebsockets;
			sourceTree = "<group>";
		};
		2D2B474718E8BD900046AFFE /* data */ = {
			isa = PBXGroup;
			children = (
				2D2B474818E8BD900046AFFE /* libwebsockets-test-server.key.pem */,
				2D2B474918E8BD900046AFFE /* libwebsockets-test-server.pem */,
			);
			path = data;
			sourceTree = "<group>";
		};
		2D2B474A18E8BD900046AFFE /* include */ = {
			isa = PBXGroup;
			children = (
				2D2B474B18E8BD900046AFFE /* libwebsockets.h */,
				2D2B474C18E8BD900046AFFE /* win32port */,
			);
			path = include;
			sourceTree = "<group>";
		};
		2D2B474C18E8BD900046AFFE /* win32port */ = {
			isa = PBXGroup;
			children = (
				2D2B474D18E8BD900046AFFE /* win32helpers */,
			);
			path = win32port;
			sourceTree = "<group>";
		};
		2D2B474D18E8BD900046AFFE /* win32helpers */ = {
			isa = PBXGroup;
			children = (
				2D2B474E18E8BD900046AFFE /* getopt.c */,
				2D2B474F18E8BD900046AFFE /* getopt.h */,
				2D2B475018E8BD900046AFFE /* getopt_long.c */,
				2D2B475118E8BD900046AFFE /* gettimeofday.c */,
				2D2B475218E8BD900046AFFE /* gettimeofday.h */,
				2D2B475318E8BD900046AFFE /* netdb.h */,
				2D2B475418E8BD900046AFFE /* strings.h */,
				2D2B475518E8BD900046AFFE /* sys */,
				2D2B475718E8BD900046AFFE /* unistd.h */,
				2D2B475818E8BD900046AFFE /* websock-w32.c */,
				2D2B475918E8BD900046AFFE /* websock-w32.h */,
			);
			path = win32helpers;
			sourceTree = "<group>";
		};
		2D2B475518E8BD900046AFFE /* sys */ = {
			isa = PBXGroup;
			children = (
				2D2B475618E8BD900046AFFE /* time.h */,
			);
			path = sys;
			sourceTree = "<group>";
		};
		2D2B475A18E8BD900046AFFE /* lib */ = {
			isa = PBXGroup;
			children = (
				2D2B475B18E8BD900046AFFE /* linux64 */,
				2D2B475D18E8BD900046AFFE /* linuxarmv6l */,
				2D2B475F18E8BD900046AFFE /* osx */,
				2D2B476118E8BD900046AFFE /* win32 */,
			);
			path = lib;
			sourceTree = "<group>";
		};
		2D2B475B18E8BD900046AFFE /* linux64 */ = {
			isa = PBXGroup;
			children = (
				2D2B475C18E8BD900046AFFE /* libwebsockets.a */,
			);
			path = linux64;
			sourceTree = "<group>";
		};
		2D2B475D18E8BD900046AFFE /* linuxarmv6l */ = {
			isa = PBXGroup;
			children = (
				2D2B475E18E8BD900046AFFE /* libwebsockets.a */,
			);
			path = linuxarmv6l;
			sourceTree = "<group>";
		};
		2D2B475F18E8BD900046AFFE /* osx */ = {
			isa = PBXGroup;
			children = (
				2D2B476018E8BD900046AFFE /* libwebsockets.a */,
			);
			path = osx;
			sourceTree = "<group>";
		};
		2D2B476118E8BD900046AFFE /* win32 */ = {
			isa = PBXGroup;
			children = (
				2D2B476218E8BD900046AFFE /* Debug */,
				2D2B476918E8BD900046AFFE /* Release */,
			);
			path = win32;
			sourceTree = "<group>";
		};
		2D2B476218E8BD900046AFFE /* Debug */ = {
			isa = PBXGroup;
			children = (
				2D2B476318E8BD900046AFFE /* websockets.exp */,
				2D2B476418E8BD900046AFFE /* websockets.lib */,
				2D2B476518E8BD900046AFFE /* websockets_static.lib */,
				2D2B476618E8BD900046AFFE /* websockets_static.pdb */,
				2D2B476718E8BD900046AFFE /* ZLIB.lib */,
				2D2B476818E8BD900046AFFE /* zlib.pdb */,
			);
			path = Debug;
			sourceTree = "<group>";
		};
		2D2B476918E8BD900046AFFE /* Release */ = {
			isa = PBXGroup;
			children = (
				2D2B476A18E8BD900046AFFE /* websockets.exp */,
				2D2B476B18E8BD900046AFFE /* websockets.lib */,
				2D2B476C18E8BD900046AFFE /* websockets_static.lib */,
				2D2B476D18E8BD900046AFFE /* ZLIB.lib */,
			);
			path = Release;
			sourceTree = "<group>";
		};
		2D2B476E18E8BD900046AFFE /* ofxLibwebsockets */ = {
			isa = PBXGroup;
			children = (
				2D2B476F18E8BD900046AFFE /* include */,
				2D2B477818E8BD900046AFFE /* src */,
			);
			path = ofxLibwebsockets;
			sourceTree = "<group>";
		};
		2D2B476F18E8BD900046AFFE /* include */ = {
			isa = PBXGroup;
			children = (
				2D2B477018E8BD900046AFFE /* ofxLibwebsockets */,
			);
			path = include;
			sourceTree = "<group>";
		};
		2D2B477018E8BD900046AFFE /* ofxLibwebsockets */ = {
			isa = PBXGroup;
			children = (
				2D2B477118E8BD900046AFFE /* Client.h */,
				2D2B477218E8BD900046AFFE /* Connection.h */,
				2D2B477318E8BD900046AFFE /* Events.h */,
				2D2B477418E8BD900046AFFE /* Protocol.h */,
				2D2B477518E8BD900046AFFE /* Reactor.h */,
				2D2B477618E8BD900046AFFE /* Server.h */,
				2D2B477718E8BD900046AFFE /* Util.h */,
			);
			path = ofxLibwebsockets;
			sourceTree = "<group>";
		};
		2D2B477818E8BD900046AFFE /* src */ = {
			isa = PBXGroup;
			children = (
			);
			path = src;
			sourceTree = "<group>";
		};
		2D2B477918E8BD900046AFFE /* openssl */ = {
			isa = PBXGroup;
			children = (
				2D2B477A18E8BD900046AFFE /* lib */,
				2D2B478118E8BD900046AFFE /* openssl */,
			);
			path = openssl;
			sourceTree = "<group>";
		};
		2D2B477A18E8BD900046AFFE /* lib */ = {
			isa = PBXGroup;
			children = (
				2D2B477B18E8BD900046AFFE /* osx */,
				2D2B477E18E8BD900046AFFE /* win32 */,
			);
			path = lib;
			sourceTree = "<group>";
		};
		2D2B477B18E8BD900046AFFE /* osx */ = {
			isa = PBXGroup;
			children = (
				2D2B477C18E8BD900046AFFE /* libcrypto.a */,
				2D2B477D18E8BD900046AFFE /* libssl.a */,
			);
			path = osx;
			sourceTree = "<group>";
		};
		2D2B477E18E8BD900046AFFE /* win32 */ = {
			isa = PBXGroup;
			children = (
				2D2B477F18E8BD900046AFFE /* libeay32.lib */,
				2D2B478018E8BD900046AFFE /* ssleay32.lib */,
			);
			path = win32;
			sourceTree = "<group>";
		};
		2D2B478118E8BD900046AFFE /* openssl */ = {
			isa = PBXGroup;
			children = (
				2D2B478218E8BD900046AFFE /* aes.h */,
				2D2B478318E8BD900046AFFE /* asn1.h */,
				2D2B478418E8BD900046AFFE /* asn1_mac.h */,
				2D2B478518E8BD900046AFFE /* asn1t.h */,
				2D2B478618E8BD900046AFFE /* bio.h */,
				2D2B478718E8BD900046AFFE /* blowfish.h */,
				2D2B478818E8BD900046AFFE /* bn.h */,
				2D2B478918E8BD900046AFFE /* buffer.h */,
				2D2B478A18E8BD900046AFFE /* cast.h */,
				2D2B478B18E8BD900046AFFE /* comp.h */,
				2D2B478C18E8BD900046AFFE /* conf.h */,
				2D2B478D18E8BD900046AFFE /* conf_api.h */,
				2D2B478E18E8BD900046AFFE /* crypto.h */,
				2D2B478F18E8BD900046AFFE /* des.h */,
				2D2B479018E8BD900046AFFE /* des_old.h */,
				2D2B479118E8BD900046AFFE /* dh.h */,
				2D2B479218E8BD900046AFFE /* dsa.h */,
				2D2B479318E8BD900046AFFE /* dso.h */,
				2D2B479418E8BD900046AFFE /* e_os2.h */,
				2D2B479518E8BD900046AFFE /* ebcdic.h */,
				2D2B479618E8BD900046AFFE /* ec.h */,
				2D2B479718E8BD900046AFFE /* engine.h */,
				2D2B479818E8BD900046AFFE /* err.h */,
				2D2B479918E8BD900046AFFE /* evp.h */,
				2D2B479A18E8BD900046AFFE /* hmac.h */,
				2D2B479B18E8BD900046AFFE /* krb5_asn.h */,
				2D2B479C18E8BD900046AFFE /* kssl.h */,
				2D2B479D18E8BD900046AFFE /* lhash.h */,
				2D2B479E18E8BD900046AFFE /* md2.h */,
				2D2B479F18E8BD900046AFFE /* md4.h */,
				2D2B47A018E8BD900046AFFE /* md5.h */,
				2D2B47A118E8BD900046AFFE /* mdc2.h */,
				2D2B47A218E8BD900046AFFE /* obj_mac.h */,
				2D2B47A318E8BD900046AFFE /* objects.h */,
				2D2B47A418E8BD900046AFFE /* ocsp.h */,
				2D2B47A518E8BD900046AFFE /* opensslconf.h */,
				2D2B47A618E8BD900046AFFE /* opensslv.h */,
				2D2B47A718E8BD900046AFFE /* ossl_typ.h */,
				2D2B47A818E8BD900046AFFE /* pem.h */,
				2D2B47A918E8BD900046AFFE /* pem2.h */,
				2D2B47AA18E8BD900046AFFE /* pkcs12.h */,
				2D2B47AB18E8BD900046AFFE /* pkcs7.h */,
				2D2B47AC18E8BD900046AFFE /* rand.h */,
				2D2B47AD18E8BD900046AFFE /* rc2.h */,
				2D2B47AE18E8BD900046AFFE /* rc4.h */,
				2D2B47AF18E8BD900046AFFE /* rc5.h */,
				2D2B47B018E8BD900046AFFE /* ripemd.h */,
				2D2B47B118E8BD900046AFFE /* rsa.h */,
				2D2B47B218E8BD900046AFFE /* safestack.h */,
				2D2B47B318E8BD900046AFFE /* sha.h */,
				2D2B47B418E8BD900046AFFE /* ssl.h */,
				2D2B47B518E8BD900046AFFE /* ssl2.h */,
				2D2B47B618E8BD900046AFFE /* ssl23.h */,
				2D2B47B718E8BD900046AFFE /* ssl3.h */,
				2D2B47B818E8BD900046AFFE /* stack.h */,
				2D2B47B918E8BD900046AFFE /* symhacks.h */,
				2D2B47BA18E8BD900046AFFE /* tls1.h */,
				2D2B47BB18E8BD900046AFFE /* tmdiff.h */,
				2D2B47BC18E8BD900046AFFE /* txt_db.h */,
				2D2B47BD18E8BD900046AFFE /* ui.h */,
				2D2B47BE18E8BD900046AFFE /* ui_compat.h */,
				2D2B47BF18E8BD900046AFFE /* x509.h */,
				2D2B47C018E8BD900046AFFE /* x509_vfy.h */,
				2D2B47C118E8BD900046AFFE /* x509v3.h */,
			);
			path = openssl;
			sourceTree = "<group>";
		};
		2D2B47C518E8BD900046AFFE /* src */ = {
			isa = PBXGroup;
			children = (
				2D2B47C618E8BD900046AFFE /* ofxLibwebsockets.h */,
			);
			path = src;
			sourceTree = "<group>";
		};
		BB4B014C10F69532006C3DED /* addons */ = {
			isa = PBXGroup;
			children = (
				2D2B455718E8BD8B0046AFFE /* ofxSpacebrew */,
				2D2B467818E8BD8E0046AFFE /* ofxLibwebsockets */,
			);
			name = addons;
			sourceTree = "<group>";
		};
		BBAB23C913894ECA00AA2426 /* system frameworks */ = {
			isa = PBXGroup;
			children = (
				E7F985F515E0DE99003869B5 /* Accelerate.framework */,
				E4C2424410CC5A17004149E2 /* AppKit.framework */,
				E4C2424510CC5A17004149E2 /* Cocoa.framework */,
				E4C2424610CC5A17004149E2 /* IOKit.framework */,
				E45BE9710E8CC7DD009D7055 /* AGL.framework */,
				E45BE9720E8CC7DD009D7055 /* ApplicationServices.framework */,
				E45BE9730E8CC7DD009D7055 /* AudioToolbox.framework */,
				E45BE9740E8CC7DD009D7055 /* Carbon.framework */,
				E45BE9750E8CC7DD009D7055 /* CoreAudio.framework */,
				E45BE9760E8CC7DD009D7055 /* CoreFoundation.framework */,
				E45BE9770E8CC7DD009D7055 /* CoreServices.framework */,
				E45BE9790E8CC7DD009D7055 /* OpenGL.framework */,
				E45BE97A0E8CC7DD009D7055 /* QuickTime.framework */,
				E7E077E415D3B63C0020DFD4 /* CoreVideo.framework */,
				E7E077E715D3B6510020DFD4 /* QTKit.framework */,
			);
			name = "system frameworks";
			sourceTree = "<group>";
		};
		BBAB23CA13894EDB00AA2426 /* 3rd party frameworks */ = {
			isa = PBXGroup;
			children = (
				BBAB23BE13894E4700AA2426 /* GLUT.framework */,
			);
			name = "3rd party frameworks";
			sourceTree = "<group>";
		};
		E4328144138ABC890047C5CB /* Products */ = {
			isa = PBXGroup;
			children = (
				E4328148138ABC890047C5CB /* openFrameworksDebug.a */,
			);
			name = Products;
			sourceTree = "<group>";
		};
		E45BE5980E8CC70C009D7055 /* frameworks */ = {
			isa = PBXGroup;
			children = (
				BBAB23CA13894EDB00AA2426 /* 3rd party frameworks */,
				BBAB23C913894ECA00AA2426 /* system frameworks */,
			);
			name = frameworks;
			sourceTree = "<group>";
		};
		E4B69B4A0A3A1720003C02F2 = {
			isa = PBXGroup;
			children = (
				E4B6FCAD0C3E899E008CF71C /* openFrameworks-Info.plist */,
				E4EB6923138AFD0F00A09F29 /* Project.xcconfig */,
				E4B69E1C0A3A1BDC003C02F2 /* src */,
				E4EEC9E9138DF44700A80321 /* openFrameworks */,
				BB4B014C10F69532006C3DED /* addons */,
				E45BE5980E8CC70C009D7055 /* frameworks */,
				E4B69B5B0A3A1756003C02F2 /* spacebrew_testDebug.app */,
			);
			sourceTree = "<group>";
		};
		E4B69E1C0A3A1BDC003C02F2 /* src */ = {
			isa = PBXGroup;
			children = (
				E4B69E1D0A3A1BDC003C02F2 /* main.cpp */,
				E4B69E1E0A3A1BDC003C02F2 /* testApp.cpp */,
				E4B69E1F0A3A1BDC003C02F2 /* testApp.h */,
			);
			path = src;
			sourceTree = SOURCE_ROOT;
		};
		E4EEC9E9138DF44700A80321 /* openFrameworks */ = {
			isa = PBXGroup;
			children = (
				E4EB691F138AFCF100A09F29 /* CoreOF.xcconfig */,
				E4328143138ABC890047C5CB /* openFrameworksLib.xcodeproj */,
			);
			name = openFrameworks;
			sourceTree = "<group>";
		};
/* End PBXGroup section */

/* Begin PBXNativeTarget section */
		E4B69B5A0A3A1756003C02F2 /* spacebrew_test */ = {
			isa = PBXNativeTarget;
			buildConfigurationList = E4B69B5F0A3A1757003C02F2 /* Build configuration list for PBXNativeTarget "spacebrew_test" */;
			buildPhases = (
				E4B69B580A3A1756003C02F2 /* Sources */,
				E4B69B590A3A1756003C02F2 /* Frameworks */,
				E4B6FFFD0C3F9AB9008CF71C /* ShellScript */,
				E4C2427710CC5ABF004149E2 /* CopyFiles */,
			);
			buildRules = (
			);
			dependencies = (
				E4EEB9AC138B136A00A80321 /* PBXTargetDependency */,
			);
			name = spacebrew_test;
			productName = myOFApp;
			productReference = E4B69B5B0A3A1756003C02F2 /* spacebrew_testDebug.app */;
			productType = "com.apple.product-type.application";
		};
/* End PBXNativeTarget section */

/* Begin PBXProject section */
		E4B69B4C0A3A1720003C02F2 /* Project object */ = {
			isa = PBXProject;
			attributes = {
				LastUpgradeCheck = 0460;
			};
			buildConfigurationList = E4B69B4D0A3A1720003C02F2 /* Build configuration list for PBXProject "spacebrew_test" */;
			compatibilityVersion = "Xcode 3.2";
			developmentRegion = English;
			hasScannedForEncodings = 0;
			knownRegions = (
				English,
				Japanese,
				French,
				German,
			);
			mainGroup = E4B69B4A0A3A1720003C02F2;
			productRefGroup = E4B69B4A0A3A1720003C02F2;
			projectDirPath = "";
			projectReferences = (
				{
					ProductGroup = E4328144138ABC890047C5CB /* Products */;
					ProjectRef = E4328143138ABC890047C5CB /* openFrameworksLib.xcodeproj */;
				},
			);
			projectRoot = "";
			targets = (
				E4B69B5A0A3A1756003C02F2 /* spacebrew_test */,
			);
		};
/* End PBXProject section */

/* Begin PBXReferenceProxy section */
		E4328148138ABC890047C5CB /* openFrameworksDebug.a */ = {
			isa = PBXReferenceProxy;
			fileType = archive.ar;
			path = openFrameworksDebug.a;
			remoteRef = E4328147138ABC890047C5CB /* PBXContainerItemProxy */;
			sourceTree = BUILT_PRODUCTS_DIR;
		};
/* End PBXReferenceProxy section */

/* Begin PBXShellScriptBuildPhase section */
		E4B6FFFD0C3F9AB9008CF71C /* ShellScript */ = {
			isa = PBXShellScriptBuildPhase;
			buildActionMask = 2147483647;
			files = (
			);
			inputPaths = (
			);
			outputPaths = (
			);
			runOnlyForDeploymentPostprocessing = 0;
			shellPath = /bin/sh;
			shellScript = "cp -f ../../../libs/fmodex/lib/osx/libfmodex.dylib \"$TARGET_BUILD_DIR/$PRODUCT_NAME.app/Contents/MacOS/libfmodex.dylib\"; install_name_tool -change ./libfmodex.dylib @executable_path/libfmodex.dylib \"$TARGET_BUILD_DIR/$PRODUCT_NAME.app/Contents/MacOS/$PRODUCT_NAME\";\nmkdir -p \"$TARGET_BUILD_DIR/$PRODUCT_NAME.app/Contents/Resources/\"\ncp -f \"$ICON_FILE\" \"$TARGET_BUILD_DIR/$PRODUCT_NAME.app/Contents/Resources/\"\n";
		};
/* End PBXShellScriptBuildPhase section */

/* Begin PBXSourcesBuildPhase section */
		E4B69B580A3A1756003C02F2 /* Sources */ = {
			isa = PBXSourcesBuildPhase;
			buildActionMask = 2147483647;
			files = (
				E4B69E200A3A1BDC003C02F2 /* main.cpp in Sources */,
				E4B69E210A3A1BDC003C02F2 /* testApp.cpp in Sources */,
			);
			runOnlyForDeploymentPostprocessing = 0;
		};
/* End PBXSourcesBuildPhase section */

/* Begin PBXTargetDependency section */
		E4EEB9AC138B136A00A80321 /* PBXTargetDependency */ = {
			isa = PBXTargetDependency;
			name = openFrameworks;
			targetProxy = E4EEB9AB138B136A00A80321 /* PBXContainerItemProxy */;
		};
/* End PBXTargetDependency section */

/* Begin XCBuildConfiguration section */
		E4B69B4E0A3A1720003C02F2 /* Debug */ = {
			isa = XCBuildConfiguration;
			baseConfigurationReference = E4EB6923138AFD0F00A09F29 /* Project.xcconfig */;
			buildSettings = {
				ARCHS = "$(NATIVE_ARCH)";
				CONFIGURATION_BUILD_DIR = "$(SRCROOT)/bin/";
				COPY_PHASE_STRIP = NO;
				DEAD_CODE_STRIPPING = YES;
				GCC_AUTO_VECTORIZATION = YES;
				GCC_ENABLE_SSE3_EXTENSIONS = YES;
				GCC_ENABLE_SUPPLEMENTAL_SSE3_INSTRUCTIONS = YES;
				GCC_INLINES_ARE_PRIVATE_EXTERN = NO;
				GCC_OPTIMIZATION_LEVEL = 0;
				GCC_SYMBOLS_PRIVATE_EXTERN = NO;
				GCC_WARN_ABOUT_DEPRECATED_FUNCTIONS = YES;
				GCC_WARN_ABOUT_INVALID_OFFSETOF_MACRO = NO;
				GCC_WARN_ALLOW_INCOMPLETE_PROTOCOL = NO;
				GCC_WARN_UNINITIALIZED_AUTOS = NO;
				GCC_WARN_UNUSED_VALUE = NO;
				GCC_WARN_UNUSED_VARIABLE = NO;
				HEADER_SEARCH_PATHS = (
					"$(OF_CORE_HEADERS)",
					../../../addons/ofxLibwebsockets/libs/jsoncpp,
					../../../addons/ofxLibwebsockets/libs/jsoncpp/json,
					../../../addons/ofxLibwebsockets/libs/libwebsockets/include/,
					../../../addons/ofxLibwebsockets/libs/openssl/openssl,
					../../../addons/ofxLibwebsockets/libs/ofxLibwebsockets/include,
					../../../addons/ofxLibwebsockets/libs/ofxLibwebsockets/include/ofxLibwebsockets,
					../../../addons/ofxLibwebsockets/libs/ofxLibwebsockets/src,
					../../../addons/ofxLibwebsockets/src,
					../../../addons/ofxSpacebrew/libs,
					../../../addons/ofxSpacebrew/src,
				);
				MACOSX_DEPLOYMENT_TARGET = 10.6;
				OTHER_CPLUSPLUSFLAGS = (
					"-D__MACOSX_CORE__",
					"-lpthread",
					"-mtune=native",
				);
				OTHER_LDFLAGS = (
					"$(OF_CORE_LIBS)",
					../../../addons/ofxLibwebsockets/libs/libwebsockets/lib/osx/libwebsockets.a,
					../../../addons/ofxLibwebsockets/libs/openssl/lib/osx/libcrypto.a,
					../../../addons/ofxLibwebsockets/libs/openssl/lib/osx/libssl.a,
				);
				SDKROOT = macosx;
			};
			name = Debug;
		};
		E4B69B4F0A3A1720003C02F2 /* Release */ = {
			isa = XCBuildConfiguration;
			baseConfigurationReference = E4EB6923138AFD0F00A09F29 /* Project.xcconfig */;
			buildSettings = {
				ARCHS = "$(NATIVE_ARCH)";
				CONFIGURATION_BUILD_DIR = "$(SRCROOT)/bin/";
				COPY_PHASE_STRIP = YES;
				DEAD_CODE_STRIPPING = YES;
				GCC_AUTO_VECTORIZATION = YES;
				GCC_ENABLE_SSE3_EXTENSIONS = YES;
				GCC_ENABLE_SUPPLEMENTAL_SSE3_INSTRUCTIONS = YES;
				GCC_INLINES_ARE_PRIVATE_EXTERN = NO;
				GCC_OPTIMIZATION_LEVEL = 3;
				GCC_SYMBOLS_PRIVATE_EXTERN = NO;
				GCC_UNROLL_LOOPS = YES;
				GCC_WARN_ABOUT_DEPRECATED_FUNCTIONS = YES;
				GCC_WARN_ABOUT_INVALID_OFFSETOF_MACRO = NO;
				GCC_WARN_ALLOW_INCOMPLETE_PROTOCOL = NO;
				GCC_WARN_UNINITIALIZED_AUTOS = NO;
				GCC_WARN_UNUSED_VALUE = NO;
				GCC_WARN_UNUSED_VARIABLE = NO;
				HEADER_SEARCH_PATHS = (
					"$(OF_CORE_HEADERS)",
					../../../addons/ofxLibwebsockets/libs/jsoncpp,
					../../../addons/ofxLibwebsockets/libs/jsoncpp/json,
					../../../addons/ofxLibwebsockets/libs/libwebsockets/include/,
					../../../addons/ofxLibwebsockets/libs/openssl/openssl,
					../../../addons/ofxLibwebsockets/libs/ofxLibwebsockets/include,
					../../../addons/ofxLibwebsockets/libs/ofxLibwebsockets/include/ofxLibwebsockets,
					../../../addons/ofxLibwebsockets/libs/ofxLibwebsockets/src,
					../../../addons/ofxLibwebsockets/src,
					../../../addons/ofxSpacebrew/libs,
					../../../addons/ofxSpacebrew/src,
				);
				MACOSX_DEPLOYMENT_TARGET = 10.6;
				OTHER_CPLUSPLUSFLAGS = (
					"-D__MACOSX_CORE__",
					"-lpthread",
					"-mtune=native",
				);
				OTHER_LDFLAGS = (
					"$(OF_CORE_LIBS)",
					../../../addons/ofxLibwebsockets/libs/libwebsockets/lib/osx/libwebsockets.a,
					../../../addons/ofxLibwebsockets/libs/openssl/lib/osx/libcrypto.a,
					../../../addons/ofxLibwebsockets/libs/openssl/lib/osx/libssl.a,
				);
				SDKROOT = macosx;
			};
			name = Release;
		};
		E4B69B600A3A1757003C02F2 /* Debug */ = {
			isa = XCBuildConfiguration;
			buildSettings = {
				COMBINE_HIDPI_IMAGES = YES;
				COPY_PHASE_STRIP = NO;
				FRAMEWORK_SEARCH_PATHS = (
					"$(inherited)",
					"$(FRAMEWORK_SEARCH_PATHS_QUOTED_FOR_TARGET_1)",
				);
				FRAMEWORK_SEARCH_PATHS_QUOTED_FOR_TARGET_1 = "\"$(SRCROOT)/../../../libs/glut/lib/osx\"";
				GCC_DYNAMIC_NO_PIC = NO;
				GCC_GENERATE_DEBUGGING_SYMBOLS = YES;
				GCC_MODEL_TUNING = NONE;
				ICON = "$(ICON_NAME_DEBUG)";
				ICON_FILE = "$(ICON_FILE_PATH)$(ICON)";
				INFOPLIST_FILE = "openFrameworks-Info.plist";
				INSTALL_PATH = "$(HOME)/Applications";
				LIBRARY_SEARCH_PATHS = (
					"$(inherited)",
					"$(LIBRARY_SEARCH_PATHS_QUOTED_FOR_TARGET_1)",
					"$(LIBRARY_SEARCH_PATHS_QUOTED_FOR_TARGET_2)",
					"$(LIBRARY_SEARCH_PATHS_QUOTED_FOR_TARGET_3)",
					"$(LIBRARY_SEARCH_PATHS_QUOTED_FOR_TARGET_4)",
					"$(LIBRARY_SEARCH_PATHS_QUOTED_FOR_TARGET_5)",
					"$(LIBRARY_SEARCH_PATHS_QUOTED_FOR_TARGET_6)",
					"$(LIBRARY_SEARCH_PATHS_QUOTED_FOR_TARGET_7)",
					"$(LIBRARY_SEARCH_PATHS_QUOTED_FOR_TARGET_8)",
					"$(LIBRARY_SEARCH_PATHS_QUOTED_FOR_TARGET_9)",
					"$(LIBRARY_SEARCH_PATHS_QUOTED_FOR_TARGET_10)",
					"$(LIBRARY_SEARCH_PATHS_QUOTED_FOR_TARGET_11)",
					"$(LIBRARY_SEARCH_PATHS_QUOTED_FOR_TARGET_12)",
					"$(LIBRARY_SEARCH_PATHS_QUOTED_FOR_TARGET_13)",
					"$(LIBRARY_SEARCH_PATHS_QUOTED_FOR_TARGET_14)",
					"$(LIBRARY_SEARCH_PATHS_QUOTED_FOR_TARGET_15)",
					"$(LIBRARY_SEARCH_PATHS_QUOTED_FOR_TARGET_2)",
					"$(LIBRARY_SEARCH_PATHS_QUOTED_FOR_TARGET_3)",
					"$(LIBRARY_SEARCH_PATHS_QUOTED_FOR_TARGET_7)",
					"$(LIBRARY_SEARCH_PATHS_QUOTED_FOR_TARGET_8)",
					"$(LIBRARY_SEARCH_PATHS_QUOTED_FOR_TARGET_9)",
					"$(LIBRARY_SEARCH_PATHS_QUOTED_FOR_TARGET_10)",
					"$(LIBRARY_SEARCH_PATHS_QUOTED_FOR_TARGET_11)",
					"$(LIBRARY_SEARCH_PATHS_QUOTED_FOR_TARGET_12)",
					"$(LIBRARY_SEARCH_PATHS_QUOTED_FOR_TARGET_13)",
					"$(LIBRARY_SEARCH_PATHS_QUOTED_FOR_TARGET_16)",
					"$(LIBRARY_SEARCH_PATHS_QUOTED_FOR_TARGET_17)",
					"$(LIBRARY_SEARCH_PATHS_QUOTED_FOR_TARGET_18)",
					"$(LIBRARY_SEARCH_PATHS_QUOTED_FOR_TARGET_19)",
					"$(LIBRARY_SEARCH_PATHS_QUOTED_FOR_TARGET_20)",
					"$(LIBRARY_SEARCH_PATHS_QUOTED_FOR_TARGET_21)",
					"$(LIBRARY_SEARCH_PATHS_QUOTED_FOR_TARGET_22)",
					"$(LIBRARY_SEARCH_PATHS_QUOTED_FOR_TARGET_23)",
					"$(LIBRARY_SEARCH_PATHS_QUOTED_FOR_TARGET_24)",
					"$(LIBRARY_SEARCH_PATHS_QUOTED_FOR_TARGET_25)",
					"$(LIBRARY_SEARCH_PATHS_QUOTED_FOR_TARGET_26)",
					"$(LIBRARY_SEARCH_PATHS_QUOTED_FOR_TARGET_27)",
					"$(LIBRARY_SEARCH_PATHS_QUOTED_FOR_TARGET_28)",
					"$(LIBRARY_SEARCH_PATHS_QUOTED_FOR_TARGET_29)",
					"$(LIBRARY_SEARCH_PATHS_QUOTED_FOR_TARGET_30)",
					"$(LIBRARY_SEARCH_PATHS_QUOTED_FOR_TARGET_31)",
					"$(LIBRARY_SEARCH_PATHS_QUOTED_FOR_TARGET_32)",
					"$(LIBRARY_SEARCH_PATHS_QUOTED_FOR_TARGET_33)",
					"$(LIBRARY_SEARCH_PATHS_QUOTED_FOR_TARGET_34)",
					"$(LIBRARY_SEARCH_PATHS_QUOTED_FOR_TARGET_35)",
					"$(LIBRARY_SEARCH_PATHS_QUOTED_FOR_TARGET_36)",
					"$(LIBRARY_SEARCH_PATHS_QUOTED_FOR_TARGET_37)",
					"$(LIBRARY_SEARCH_PATHS_QUOTED_FOR_TARGET_38)",
					"$(LIBRARY_SEARCH_PATHS_QUOTED_FOR_TARGET_39)",
					"$(LIBRARY_SEARCH_PATHS_QUOTED_FOR_TARGET_40)",
					"$(LIBRARY_SEARCH_PATHS_QUOTED_FOR_TARGET_41)",
					"$(LIBRARY_SEARCH_PATHS_QUOTED_FOR_TARGET_42)",
					"$(LIBRARY_SEARCH_PATHS_QUOTED_FOR_TARGET_43)",
					"$(LIBRARY_SEARCH_PATHS_QUOTED_FOR_TARGET_44)",
					"$(LIBRARY_SEARCH_PATHS_QUOTED_FOR_TARGET_45)",
					"$(LIBRARY_SEARCH_PATHS_QUOTED_FOR_TARGET_46)",
					"$(LIBRARY_SEARCH_PATHS_QUOTED_FOR_TARGET_47)",
					"$(LIBRARY_SEARCH_PATHS_QUOTED_FOR_TARGET_48)",
					"$(LIBRARY_SEARCH_PATHS_QUOTED_FOR_TARGET_49)",
					"$(LIBRARY_SEARCH_PATHS_QUOTED_FOR_TARGET_50)",
					"$(LIBRARY_SEARCH_PATHS_QUOTED_FOR_TARGET_51)",
					"$(LIBRARY_SEARCH_PATHS_QUOTED_FOR_TARGET_52)",
				);
				PRODUCT_NAME = "$(TARGET_NAME)Debug";
				SDKROOT = macosx10.8;
				WRAPPER_EXTENSION = app;
			};
			name = Debug;
		};
		E4B69B610A3A1757003C02F2 /* Release */ = {
			isa = XCBuildConfiguration;
			buildSettings = {
				COMBINE_HIDPI_IMAGES = YES;
				COPY_PHASE_STRIP = YES;
				FRAMEWORK_SEARCH_PATHS = (
					"$(inherited)",
					"$(FRAMEWORK_SEARCH_PATHS_QUOTED_FOR_TARGET_1)",
				);
				FRAMEWORK_SEARCH_PATHS_QUOTED_FOR_TARGET_1 = "\"$(SRCROOT)/../../../libs/glut/lib/osx\"";
				GCC_GENERATE_DEBUGGING_SYMBOLS = YES;
				GCC_MODEL_TUNING = NONE;
				ICON = "$(ICON_NAME_RELEASE)";
				ICON_FILE = "$(ICON_FILE_PATH)$(ICON)";
				INFOPLIST_FILE = "openFrameworks-Info.plist";
				INSTALL_PATH = "$(HOME)/Applications";
				LIBRARY_SEARCH_PATHS = (
					"$(inherited)",
					"$(LIBRARY_SEARCH_PATHS_QUOTED_FOR_TARGET_1)",
					"$(LIBRARY_SEARCH_PATHS_QUOTED_FOR_TARGET_2)",
					"$(LIBRARY_SEARCH_PATHS_QUOTED_FOR_TARGET_3)",
					"$(LIBRARY_SEARCH_PATHS_QUOTED_FOR_TARGET_4)",
					"$(LIBRARY_SEARCH_PATHS_QUOTED_FOR_TARGET_5)",
					"$(LIBRARY_SEARCH_PATHS_QUOTED_FOR_TARGET_6)",
					"$(LIBRARY_SEARCH_PATHS_QUOTED_FOR_TARGET_7)",
					"$(LIBRARY_SEARCH_PATHS_QUOTED_FOR_TARGET_8)",
					"$(LIBRARY_SEARCH_PATHS_QUOTED_FOR_TARGET_9)",
					"$(LIBRARY_SEARCH_PATHS_QUOTED_FOR_TARGET_10)",
					"$(LIBRARY_SEARCH_PATHS_QUOTED_FOR_TARGET_11)",
					"$(LIBRARY_SEARCH_PATHS_QUOTED_FOR_TARGET_12)",
					"$(LIBRARY_SEARCH_PATHS_QUOTED_FOR_TARGET_13)",
					"$(LIBRARY_SEARCH_PATHS_QUOTED_FOR_TARGET_14)",
					"$(LIBRARY_SEARCH_PATHS_QUOTED_FOR_TARGET_15)",
					"$(LIBRARY_SEARCH_PATHS_QUOTED_FOR_TARGET_2)",
					"$(LIBRARY_SEARCH_PATHS_QUOTED_1)",
					"$(LIBRARY_SEARCH_PATHS_QUOTED_FOR_TARGET_3)",
					"$(LIBRARY_SEARCH_PATHS_QUOTED_FOR_TARGET_7)",
					"$(LIBRARY_SEARCH_PATHS_QUOTED_FOR_TARGET_8)",
					"$(LIBRARY_SEARCH_PATHS_QUOTED_FOR_TARGET_9)",
					"$(LIBRARY_SEARCH_PATHS_QUOTED_FOR_TARGET_10)",
					"$(LIBRARY_SEARCH_PATHS_QUOTED_FOR_TARGET_11)",
					"$(LIBRARY_SEARCH_PATHS_QUOTED_FOR_TARGET_12)",
					"$(LIBRARY_SEARCH_PATHS_QUOTED_FOR_TARGET_13)",
					"$(LIBRARY_SEARCH_PATHS_QUOTED_FOR_TARGET_16)",
					"$(LIBRARY_SEARCH_PATHS_QUOTED_FOR_TARGET_17)",
					"$(LIBRARY_SEARCH_PATHS_QUOTED_FOR_TARGET_18)",
					"$(LIBRARY_SEARCH_PATHS_QUOTED_FOR_TARGET_19)",
					"$(LIBRARY_SEARCH_PATHS_QUOTED_FOR_TARGET_20)",
					"$(LIBRARY_SEARCH_PATHS_QUOTED_FOR_TARGET_21)",
					"$(LIBRARY_SEARCH_PATHS_QUOTED_FOR_TARGET_22)",
					"$(LIBRARY_SEARCH_PATHS_QUOTED_FOR_TARGET_23)",
					"$(LIBRARY_SEARCH_PATHS_QUOTED_FOR_TARGET_24)",
					"$(LIBRARY_SEARCH_PATHS_QUOTED_FOR_TARGET_25)",
					"$(LIBRARY_SEARCH_PATHS_QUOTED_FOR_TARGET_26)",
					"$(LIBRARY_SEARCH_PATHS_QUOTED_FOR_TARGET_27)",
					"$(LIBRARY_SEARCH_PATHS_QUOTED_FOR_TARGET_28)",
					"$(LIBRARY_SEARCH_PATHS_QUOTED_FOR_TARGET_29)",
					"$(LIBRARY_SEARCH_PATHS_QUOTED_FOR_TARGET_30)",
					"$(LIBRARY_SEARCH_PATHS_QUOTED_FOR_TARGET_31)",
					"$(LIBRARY_SEARCH_PATHS_QUOTED_FOR_TARGET_32)",
					"$(LIBRARY_SEARCH_PATHS_QUOTED_FOR_TARGET_33)",
					"$(LIBRARY_SEARCH_PATHS_QUOTED_FOR_TARGET_34)",
					"$(LIBRARY_SEARCH_PATHS_QUOTED_FOR_TARGET_35)",
					"$(LIBRARY_SEARCH_PATHS_QUOTED_FOR_TARGET_36)",
					"$(LIBRARY_SEARCH_PATHS_QUOTED_FOR_TARGET_37)",
					"$(LIBRARY_SEARCH_PATHS_QUOTED_FOR_TARGET_38)",
					"$(LIBRARY_SEARCH_PATHS_QUOTED_FOR_TARGET_39)",
					"$(LIBRARY_SEARCH_PATHS_QUOTED_FOR_TARGET_40)",
					"$(LIBRARY_SEARCH_PATHS_QUOTED_FOR_TARGET_41)",
					"$(LIBRARY_SEARCH_PATHS_QUOTED_FOR_TARGET_42)",
					"$(LIBRARY_SEARCH_PATHS_QUOTED_FOR_TARGET_43)",
					"$(LIBRARY_SEARCH_PATHS_QUOTED_FOR_TARGET_44)",
					"$(LIBRARY_SEARCH_PATHS_QUOTED_FOR_TARGET_45)",
					"$(LIBRARY_SEARCH_PATHS_QUOTED_FOR_TARGET_46)",
					"$(LIBRARY_SEARCH_PATHS_QUOTED_FOR_TARGET_47)",
					"$(LIBRARY_SEARCH_PATHS_QUOTED_FOR_TARGET_48)",
					"$(LIBRARY_SEARCH_PATHS_QUOTED_FOR_TARGET_49)",
					"$(LIBRARY_SEARCH_PATHS_QUOTED_FOR_TARGET_50)",
					"$(LIBRARY_SEARCH_PATHS_QUOTED_FOR_TARGET_51)",
				);
				PRODUCT_NAME = "$(TARGET_NAME)";
				SDKROOT = macosx10.8;
				WRAPPER_EXTENSION = app;
			};
			name = Release;
		};
/* End XCBuildConfiguration section */

/* Begin XCConfigurationList section */
		E4B69B4D0A3A1720003C02F2 /* Build configuration list for PBXProject "spacebrew_test" */ = {
			isa = XCConfigurationList;
			buildConfigurations = (
				E4B69B4E0A3A1720003C02F2 /* Debug */,
				E4B69B4F0A3A1720003C02F2 /* Release */,
			);
			defaultConfigurationIsVisible = 0;
			defaultConfigurationName = Release;
		};
		E4B69B5F0A3A1757003C02F2 /* Build configuration list for PBXNativeTarget "spacebrew_test" */ = {
			isa = XCConfigurationList;
			buildConfigurations = (
				E4B69B600A3A1757003C02F2 /* Debug */,
				E4B69B610A3A1757003C02F2 /* Release */,
			);
			defaultConfigurationIsVisible = 0;
			defaultConfigurationName = Release;
		};
/* End XCConfigurationList section */
	};
	rootObject = E4B69B4C0A3A1720003C02F2 /* Project object */;
}
